
Microsoft Visual Studio Solution File, Format Version 12.00
# Visual Studio Version 17
VisualStudioVersion = 17.0.31903.59
MinimumVisualStudioVersion = 10.0.40219.1
Project("{2150E333-8FDC-42A3-9474-1A3956D46DE8}") = "src", "src", "{2AB82E80-8F4D-4C1B-B7D9-5D5BBFA24B27}"
EndProject
Project("{FAE04EC0-301F-11D3-BF4B-00C04F79EFBC}") = "TaskManager", "src\TaskManager\TaskManager.csproj", "{1DD1C162-04A0-426C-B45D-2B4703A1E6C1}"
EndProject
Global
	GlobalSection(SolutionConfigurationPlatforms) = preSolution
		Debug|Any CPU = Debug|Any CPU
		Release|Any CPU = Release|Any CPU
	EndGlobalSection
	GlobalSection(ProjectConfigurationPlatforms) = postSolution
		{1DD1C162-04A0-426C-B45D-2B4703A1E6C1}.Debug|Any CPU.ActiveCfg = Debug|Any CPU
		{1DD1C162-04A0-426C-B45D-2B4703A1E6C1}.Debug|Any CPU.Build.0 = Debug|Any CPU
		{1DD1C162-04A0-426C-B45D-2B4703A1E6C1}.Release|Any CPU.ActiveCfg = Release|Any CPU
		{1DD1C162-04A0-426C-B45D-2B4703A1E6C1}.Release|Any CPU.Build.0 = Release|Any CPU
	EndGlobalSection
	GlobalSection(SolutionProperties) = preSolution
		HideSolutionNode = FALSE
	EndGlobalSection
	GlobalSection(NestedProjects) = preSolution
		{1DD1C162-04A0-426C-B45D-2B4703A1E6C1} = {2AB82E80-8F4D-4C1B-B7D9-5D5BBFA24B27}
	EndGlobalSection
EndGlobal
